
Microsoft Visual Studio Solution File, Format Version 12.00
# Visual Studio Version 16
VisualStudioVersion = 16.0.29009.5
MinimumVisualStudioVersion = 10.0.40219.1
Project("{FAE04EC0-301F-11D3-BF4B-00C04F79EFBC}") = "newGUI", "newGUI\newGUI.csproj", "{7C09F682-F547-4019-AEDE-2B1DEAF00F14}"
EndProject
Global
	GlobalSection(SolutionConfigurationPlatforms) = preSolution
		Debug|Any CPU = Debug|Any CPU
		Release|Any CPU = Release|Any CPU
	EndGlobalSection
	GlobalSection(ProjectConfigurationPlatforms) = postSolution
		{7C09F682-F547-4019-AEDE-2B1DEAF00F14}.Debug|Any CPU.ActiveCfg = Debug|Any CPU
		{7C09F682-F547-4019-AEDE-2B1DEAF00F14}.Debug|Any CPU.Build.0 = Debug|Any CPU
		{7C09F682-F547-4019-AEDE-2B1DEAF00F14}.Release|Any CPU.ActiveCfg = Release|Any CPU
		{7C09F682-F547-4019-AEDE-2B1DEAF00F14}.Release|Any CPU.Build.0 = Release|Any CPU
	EndGlobalSection
	GlobalSection(SolutionProperties) = preSolution
		HideSolutionNode = FALSE
	EndGlobalSection
	GlobalSection(ExtensibilityGlobals) = postSolution
		SolutionGuid = {7908B48F-A1D5-4421-81F8-FE1B2D799235}
	EndGlobalSection
EndGlobal
